
Microsoft Visual Studio Solution File, Format Version 12.00
# Visual Studio Version 16
VisualStudioVersion = 16.0.28922.388
MinimumVisualStudioVersion = 10.0.40219.1
Project("{FAE04EC0-301F-11D3-BF4B-00C04F79EFBC}") = "EMTests", "EmployeeMetricsUnitTests\EMTests.csproj", "{EAAC070A-9369-4A54-B750-B13CAC1C4D99}"
EndProject
Project("{FAE04EC0-301F-11D3-BF4B-00C04F79EFBC}") = "EMLib", "EMLib\EMLib.csproj", "{29D3476B-2DC2-44C8-9169-360E103F16B5}"
EndProject
Global
	GlobalSection(SolutionConfigurationPlatforms) = preSolution
		Debug|Any CPU = Debug|Any CPU
		Release|Any CPU = Release|Any CPU
	EndGlobalSection
	GlobalSection(ProjectConfigurationPlatforms) = postSolution
		{EAAC070A-9369-4A54-B750-B13CAC1C4D99}.Debug|Any CPU.ActiveCfg = Debug|Any CPU
		{EAAC070A-9369-4A54-B750-B13CAC1C4D99}.Debug|Any CPU.Build.0 = Debug|Any CPU
		{EAAC070A-9369-4A54-B750-B13CAC1C4D99}.Release|Any CPU.ActiveCfg = Release|Any CPU
		{EAAC070A-9369-4A54-B750-B13CAC1C4D99}.Release|Any CPU.Build.0 = Release|Any CPU
		{29D3476B-2DC2-44C8-9169-360E103F16B5}.Debug|Any CPU.ActiveCfg = Debug|Any CPU
		{29D3476B-2DC2-44C8-9169-360E103F16B5}.Debug|Any CPU.Build.0 = Debug|Any CPU
		{29D3476B-2DC2-44C8-9169-360E103F16B5}.Release|Any CPU.ActiveCfg = Release|Any CPU
		{29D3476B-2DC2-44C8-9169-360E103F16B5}.Release|Any CPU.Build.0 = Release|Any CPU
	EndGlobalSection
	GlobalSection(SolutionProperties) = preSolution
		HideSolutionNode = FALSE
	EndGlobalSection
	GlobalSection(ExtensibilityGlobals) = postSolution
		SolutionGuid = {779485A9-7409-41EE-8E84-5078174988EC}
	EndGlobalSection
EndGlobal
